// !$*UTF8*$!
{
	archiveVersion = 1;
	classes = {
	};
	objectVersion = 56;
	objects = {

/* Begin PBXBuildFile section */
		0C091B072B4981C7005E3F3B /* main.swift in Sources */ = {isa = PBXBuildFile; fileRef = 0C091B062B4981C7005E3F3B /* main.swift */; };
		0C091B102B4981E8005E3F3B /* IO.cpp in Sources */ = {isa = PBXBuildFile; fileRef = 0C091B0E2B4981E8005E3F3B /* IO.cpp */; };
		0C091B322B4BC006005E3F3B /* SwiftInputWrapper.swift in Sources */ = {isa = PBXBuildFile; fileRef = 0C091B312B4BC006005E3F3B /* SwiftInputWrapper.swift */; };
		0C091B342B4BCC51005E3F3B /* CommandDelegator.swift in Sources */ = {isa = PBXBuildFile; fileRef = 0C091B332B4BCC51005E3F3B /* CommandDelegator.swift */; };
		0C091B362B4BCCA7005E3F3B /* Engine.swift in Sources */ = {isa = PBXBuildFile; fileRef = 0C091B352B4BCCA7005E3F3B /* Engine.swift */; };
		0C091B3D2B4BD2DE005E3F3B /* Settings.swift in Sources */ = {isa = PBXBuildFile; fileRef = 0C091B3C2B4BD2DE005E3F3B /* Settings.swift */; };
		0C091B3F2B4BDDE1005E3F3B /* CommandProcessor.swift in Sources */ = {isa = PBXBuildFile; fileRef = 0C091B3E2B4BDDE1005E3F3B /* CommandProcessor.swift */; };
		0C75B9772B4F788800C0B90E /* Protocol.swift in Sources */ = {isa = PBXBuildFile; fileRef = 0C75B9762B4F788800C0B90E /* Protocol.swift */; };
		0C75B9792B4F849D00C0B90E /* MasterSync.swift in Sources */ = {isa = PBXBuildFile; fileRef = 0C75B9782B4F849D00C0B90E /* MasterSync.swift */; };
		0C75B97B2B4FA78000C0B90E /* SharedData.swift in Sources */ = {isa = PBXBuildFile; fileRef = 0C75B97A2B4FA78000C0B90E /* SharedData.swift */; };
		0C75B97D2B4FF09700C0B90E /* Log.swift in Sources */ = {isa = PBXBuildFile; fileRef = 0C75B97C2B4FF09700C0B90E /* Log.swift */; };
		0C7A57002B52691E00011987 /* InputParser.swift in Sources */ = {isa = PBXBuildFile; fileRef = 0C7A56FF2B52691E00011987 /* InputParser.swift */; };
/* End PBXBuildFile section */

/* Begin PBXCopyFilesBuildPhase section */
		0C091B012B4981C7005E3F3B /* CopyFiles */ = {
			isa = PBXCopyFilesBuildPhase;
			buildActionMask = 2147483647;
			dstPath = /usr/share/man/man1/;
			dstSubfolderSpec = 0;
			files = (
			);
			runOnlyForDeploymentPostprocessing = 1;
		};
/* End PBXCopyFilesBuildPhase section */

/* Begin PBXFileReference section */
		0C091B032B4981C7005E3F3B /* Chess-Engine-UCI */ = {isa = PBXFileReference; explicitFileType = "compiled.mach-o.executable"; includeInIndex = 0; path = "Chess-Engine-UCI"; sourceTree = BUILT_PRODUCTS_DIR; };
		0C091B062B4981C7005E3F3B /* main.swift */ = {isa = PBXFileReference; lastKnownFileType = sourcecode.swift; path = main.swift; sourceTree = "<group>"; };
		0C091B0D2B4981E8005E3F3B /* BridgingHeader.h */ = {isa = PBXFileReference; lastKnownFileType = sourcecode.c.h; path = BridgingHeader.h; sourceTree = "<group>"; };
		0C091B0E2B4981E8005E3F3B /* IO.cpp */ = {isa = PBXFileReference; lastKnownFileType = sourcecode.cpp.cpp; path = IO.cpp; sourceTree = "<group>"; };
		0C091B0F2B4981E8005E3F3B /* IO_Header.hpp */ = {isa = PBXFileReference; lastKnownFileType = sourcecode.cpp.h; path = IO_Header.hpp; sourceTree = "<group>"; };
		0C091B302B4BBC95005E3F3B /* UCI_Protocol.txt */ = {isa = PBXFileReference; lastKnownFileType = text; path = UCI_Protocol.txt; sourceTree = "<group>"; };
		0C091B312B4BC006005E3F3B /* SwiftInputWrapper.swift */ = {isa = PBXFileReference; lastKnownFileType = sourcecode.swift; path = SwiftInputWrapper.swift; sourceTree = "<group>"; };
		0C091B332B4BCC51005E3F3B /* CommandDelegator.swift */ = {isa = PBXFileReference; lastKnownFileType = sourcecode.swift; path = CommandDelegator.swift; sourceTree = "<group>"; };
		0C091B352B4BCCA7005E3F3B /* Engine.swift */ = {isa = PBXFileReference; lastKnownFileType = sourcecode.swift; path = Engine.swift; sourceTree = "<group>"; };
		0C091B3C2B4BD2DE005E3F3B /* Settings.swift */ = {isa = PBXFileReference; lastKnownFileType = sourcecode.swift; path = Settings.swift; sourceTree = "<group>"; };
		0C091B3E2B4BDDE1005E3F3B /* CommandProcessor.swift */ = {isa = PBXFileReference; lastKnownFileType = sourcecode.swift; path = CommandProcessor.swift; sourceTree = "<group>"; };
		0C75B9762B4F788800C0B90E /* Protocol.swift */ = {isa = PBXFileReference; lastKnownFileType = sourcecode.swift; path = Protocol.swift; sourceTree = "<group>"; };
		0C75B9782B4F849D00C0B90E /* MasterSync.swift */ = {isa = PBXFileReference; lastKnownFileType = sourcecode.swift; path = MasterSync.swift; sourceTree = "<group>"; };
		0C75B97A2B4FA78000C0B90E /* SharedData.swift */ = {isa = PBXFileReference; lastKnownFileType = sourcecode.swift; path = SharedData.swift; sourceTree = "<group>"; };
		0C75B97C2B4FF09700C0B90E /* Log.swift */ = {isa = PBXFileReference; lastKnownFileType = sourcecode.swift; path = Log.swift; sourceTree = "<group>"; };
		0C7A56FF2B52691E00011987 /* InputParser.swift */ = {isa = PBXFileReference; lastKnownFileType = sourcecode.swift; path = InputParser.swift; sourceTree = "<group>"; };
/* End PBXFileReference section */

/* Begin PBXFrameworksBuildPhase section */
		0C091B002B4981C7005E3F3B /* Frameworks */ = {
			isa = PBXFrameworksBuildPhase;
			buildActionMask = 2147483647;
			files = (
			);
			runOnlyForDeploymentPostprocessing = 0;
		};
/* End PBXFrameworksBuildPhase section */

/* Begin PBXGroup section */
		0C091AFA2B4981C7005E3F3B = {
			isa = PBXGroup;
			children = (
				0C091B302B4BBC95005E3F3B /* UCI_Protocol.txt */,
				0C091B0D2B4981E8005E3F3B /* BridgingHeader.h */,
				0C091B2F2B4BB89A005E3F3B /* C++ */,
				0C091B052B4981C7005E3F3B /* Swift */,
				0C091B042B4981C7005E3F3B /* Products */,
			);
			sourceTree = "<group>";
		};
		0C091B042B4981C7005E3F3B /* Products */ = {
			isa = PBXGroup;
			children = (
				0C091B032B4981C7005E3F3B /* Chess-Engine-UCI */,
			);
			name = Products;
			sourceTree = "<group>";
		};
		0C091B052B4981C7005E3F3B /* Swift */ = {
			isa = PBXGroup;
			children = (
				0C091B062B4981C7005E3F3B /* main.swift */,
				0C091B3C2B4BD2DE005E3F3B /* Settings.swift */,
				0C75B97A2B4FA78000C0B90E /* SharedData.swift */,
				0C75B9782B4F849D00C0B90E /* MasterSync.swift */,
				0C75B97C2B4FF09700C0B90E /* Log.swift */,
				0C091B382B4BCCBE005E3F3B /* IO Handing */,
				0C091B372B4BCCAE005E3F3B /* Engine */,
				0C091B392B4BCCCD005E3F3B /* Chess */,
			);
			path = Swift;
			sourceTree = "<group>";
		};
		0C091B2F2B4BB89A005E3F3B /* C++ */ = {
			isa = PBXGroup;
			children = (
				0C091B0F2B4981E8005E3F3B /* IO_Header.hpp */,
				0C091B0E2B4981E8005E3F3B /* IO.cpp */,
			);
			path = "C++";
			sourceTree = "<group>";
		};
		0C091B372B4BCCAE005E3F3B /* Engine */ = {
			isa = PBXGroup;
			children = (
				0C091B352B4BCCA7005E3F3B /* Engine.swift */,
				0C75B9762B4F788800C0B90E /* Protocol.swift */,
				0C091B3E2B4BDDE1005E3F3B /* CommandProcessor.swift */,
			);
			path = Engine;
			sourceTree = "<group>";
		};
		0C091B382B4BCCBE005E3F3B /* IO Handing */ = {
			isa = PBXGroup;
			children = (
				0C091B312B4BC006005E3F3B /* SwiftInputWrapper.swift */,
				0C7A56FF2B52691E00011987 /* InputParser.swift */,
				0C091B332B4BCC51005E3F3B /* CommandDelegator.swift */,
			);
			path = "IO Handing";
			sourceTree = "<group>";
		};
		0C091B392B4BCCCD005E3F3B /* Chess */ = {
			isa = PBXGroup;
			children = (
			);
			path = Chess;
			sourceTree = "<group>";
		};
/* End PBXGroup section */

/* Begin PBXNativeTarget section */
		0C091B022B4981C7005E3F3B /* Chess-Engine-UCI */ = {
			isa = PBXNativeTarget;
			buildConfigurationList = 0C091B0A2B4981C7005E3F3B /* Build configuration list for PBXNativeTarget "Chess-Engine-UCI" */;
			buildPhases = (
				0C091AFF2B4981C7005E3F3B /* Sources */,
				0C091B002B4981C7005E3F3B /* Frameworks */,
				0C091B012B4981C7005E3F3B /* CopyFiles */,
			);
			buildRules = (
			);
			dependencies = (
			);
			name = "Chess-Engine-UCI";
			productName = "Chess-Engine-UCI";
			productReference = 0C091B032B4981C7005E3F3B /* Chess-Engine-UCI */;
			productType = "com.apple.product-type.tool";
		};
/* End PBXNativeTarget section */

/* Begin PBXProject section */
		0C091AFB2B4981C7005E3F3B /* Project object */ = {
			isa = PBXProject;
			attributes = {
				BuildIndependentTargetsInParallel = 1;
				LastSwiftUpdateCheck = 1510;
				LastUpgradeCheck = 1510;
				TargetAttributes = {
					0C091B022B4981C7005E3F3B = {
						CreatedOnToolsVersion = 15.1;
						LastSwiftMigration = 1510;
					};
				};
			};
			buildConfigurationList = 0C091AFE2B4981C7005E3F3B /* Build configuration list for PBXProject "Chess-Engine-UCI" */;
			compatibilityVersion = "Xcode 14.0";
			developmentRegion = en;
			hasScannedForEncodings = 0;
			knownRegions = (
				en,
				Base,
			);
			mainGroup = 0C091AFA2B4981C7005E3F3B;
			productRefGroup = 0C091B042B4981C7005E3F3B /* Products */;
			projectDirPath = "";
			projectRoot = "";
			targets = (
				0C091B022B4981C7005E3F3B /* Chess-Engine-UCI */,
			);
		};
/* End PBXProject section */

/* Begin PBXSourcesBuildPhase section */
		0C091AFF2B4981C7005E3F3B /* Sources */ = {
			isa = PBXSourcesBuildPhase;
			buildActionMask = 2147483647;
			files = (
				0C091B3F2B4BDDE1005E3F3B /* CommandProcessor.swift in Sources */,
				0C091B322B4BC006005E3F3B /* SwiftInputWrapper.swift in Sources */,
				0C75B97D2B4FF09700C0B90E /* Log.swift in Sources */,
				0C091B342B4BCC51005E3F3B /* CommandDelegator.swift in Sources */,
				0C091B102B4981E8005E3F3B /* IO.cpp in Sources */,
				0C7A57002B52691E00011987 /* InputParser.swift in Sources */,
				0C75B9792B4F849D00C0B90E /* MasterSync.swift in Sources */,
				0C091B072B4981C7005E3F3B /* main.swift in Sources */,
				0C091B3D2B4BD2DE005E3F3B /* Settings.swift in Sources */,
				0C75B9772B4F788800C0B90E /* Protocol.swift in Sources */,
				0C091B362B4BCCA7005E3F3B /* Engine.swift in Sources */,
				0C75B97B2B4FA78000C0B90E /* SharedData.swift in Sources */,
			);
			runOnlyForDeploymentPostprocessing = 0;
		};
/* End PBXSourcesBuildPhase section */

/* Begin XCBuildConfiguration section */
		0C091B082B4981C7005E3F3B /* Debug */ = {
			isa = XCBuildConfiguration;
			buildSettings = {
				ALWAYS_SEARCH_USER_PATHS = NO;
				ASSETCATALOG_COMPILER_GENERATE_SWIFT_ASSET_SYMBOL_EXTENSIONS = YES;
				CLANG_ANALYZER_NONNULL = YES;
				CLANG_ANALYZER_NUMBER_OBJECT_CONVERSION = YES_AGGRESSIVE;
				CLANG_CXX_LANGUAGE_STANDARD = "gnu++20";
				CLANG_ENABLE_MODULES = YES;
				CLANG_ENABLE_OBJC_ARC = YES;
				CLANG_ENABLE_OBJC_WEAK = YES;
				CLANG_WARN_BLOCK_CAPTURE_AUTORELEASING = YES;
				CLANG_WARN_BOOL_CONVERSION = YES;
				CLANG_WARN_COMMA = YES;
				CLANG_WARN_CONSTANT_CONVERSION = YES;
				CLANG_WARN_DEPRECATED_OBJC_IMPLEMENTATIONS = YES;
				CLANG_WARN_DIRECT_OBJC_ISA_USAGE = YES_ERROR;
				CLANG_WARN_DOCUMENTATION_COMMENTS = YES;
				CLANG_WARN_EMPTY_BODY = YES;
				CLANG_WARN_ENUM_CONVERSION = YES;
				CLANG_WARN_INFINITE_RECURSION = YES;
				CLANG_WARN_INT_CONVERSION = YES;
				CLANG_WARN_NON_LITERAL_NULL_CONVERSION = YES;
				CLANG_WARN_OBJC_IMPLICIT_RETAIN_SELF = YES;
				CLANG_WARN_OBJC_LITERAL_CONVERSION = YES;
				CLANG_WARN_OBJC_ROOT_CLASS = YES_ERROR;
				CLANG_WARN_QUOTED_INCLUDE_IN_FRAMEWORK_HEADER = YES;
				CLANG_WARN_RANGE_LOOP_ANALYSIS = YES;
				CLANG_WARN_STRICT_PROTOTYPES = YES;
				CLANG_WARN_SUSPICIOUS_MOVE = YES;
				CLANG_WARN_UNGUARDED_AVAILABILITY = YES_AGGRESSIVE;
				CLANG_WARN_UNREACHABLE_CODE = YES;
				CLANG_WARN__DUPLICATE_METHOD_MATCH = YES;
				COPY_PHASE_STRIP = NO;
				DEBUG_INFORMATION_FORMAT = dwarf;
				ENABLE_STRICT_OBJC_MSGSEND = YES;
				ENABLE_TESTABILITY = YES;
				ENABLE_USER_SCRIPT_SANDBOXING = YES;
				GCC_C_LANGUAGE_STANDARD = gnu17;
				GCC_DYNAMIC_NO_PIC = NO;
				GCC_NO_COMMON_BLOCKS = YES;
				GCC_OPTIMIZATION_LEVEL = 0;
				GCC_PREPROCESSOR_DEFINITIONS = (
					"DEBUG=1",
					"$(inherited)",
				);
				GCC_WARN_64_TO_32_BIT_CONVERSION = YES;
				GCC_WARN_ABOUT_RETURN_TYPE = YES_ERROR;
				GCC_WARN_UNDECLARED_SELECTOR = YES;
				GCC_WARN_UNINITIALIZED_AUTOS = YES_AGGRESSIVE;
				GCC_WARN_UNUSED_FUNCTION = YES;
				GCC_WARN_UNUSED_VARIABLE = YES;
				LOCALIZATION_PREFERS_STRING_CATALOGS = YES;
				MACOSX_DEPLOYMENT_TARGET = 14.2;
				MTL_ENABLE_DEBUG_INFO = INCLUDE_SOURCE;
				MTL_FAST_MATH = YES;
				ONLY_ACTIVE_ARCH = YES;
				SDKROOT = macosx;
				SWIFT_ACTIVE_COMPILATION_CONDITIONS = "DEBUG $(inherited)";
				SWIFT_OPTIMIZATION_LEVEL = "-Onone";
			};
			name = Debug;
		};
		0C091B092B4981C7005E3F3B /* Release */ = {
			isa = XCBuildConfiguration;
			buildSettings = {
				ALWAYS_SEARCH_USER_PATHS = NO;
				ASSETCATALOG_COMPILER_GENERATE_SWIFT_ASSET_SYMBOL_EXTENSIONS = YES;
				CLANG_ANALYZER_NONNULL = YES;
				CLANG_ANALYZER_NUMBER_OBJECT_CONVERSION = YES_AGGRESSIVE;
				CLANG_CXX_LANGUAGE_STANDARD = "gnu++20";
				CLANG_ENABLE_MODULES = YES;
				CLANG_ENABLE_OBJC_ARC = YES;
				CLANG_ENABLE_OBJC_WEAK = YES;
				CLANG_WARN_BLOCK_CAPTURE_AUTORELEASING = YES;
				CLANG_WARN_BOOL_CONVERSION = YES;
				CLANG_WARN_COMMA = YES;
				CLANG_WARN_CONSTANT_CONVERSION = YES;
				CLANG_WARN_DEPRECATED_OBJC_IMPLEMENTATIONS = YES;
				CLANG_WARN_DIRECT_OBJC_ISA_USAGE = YES_ERROR;
				CLANG_WARN_DOCUMENTATION_COMMENTS = YES;
				CLANG_WARN_EMPTY_BODY = YES;
				CLANG_WARN_ENUM_CONVERSION = YES;
				CLANG_WARN_INFINITE_RECURSION = YES;
				CLANG_WARN_INT_CONVERSION = YES;
				CLANG_WARN_NON_LITERAL_NULL_CONVERSION = YES;
				CLANG_WARN_OBJC_IMPLICIT_RETAIN_SELF = YES;
				CLANG_WARN_OBJC_LITERAL_CONVERSION = YES;
				CLANG_WARN_OBJC_ROOT_CLASS = YES_ERROR;
				CLANG_WARN_QUOTED_INCLUDE_IN_FRAMEWORK_HEADER = YES;
				CLANG_WARN_RANGE_LOOP_ANALYSIS = YES;
				CLANG_WARN_STRICT_PROTOTYPES = YES;
				CLANG_WARN_SUSPICIOUS_MOVE = YES;
				CLANG_WARN_UNGUARDED_AVAILABILITY = YES_AGGRESSIVE;
				CLANG_WARN_UNREACHABLE_CODE = YES;
				CLANG_WARN__DUPLICATE_METHOD_MATCH = YES;
				COPY_PHASE_STRIP = NO;
				DEBUG_INFORMATION_FORMAT = "dwarf-with-dsym";
				ENABLE_NS_ASSERTIONS = NO;
				ENABLE_STRICT_OBJC_MSGSEND = YES;
				ENABLE_USER_SCRIPT_SANDBOXING = YES;
				GCC_C_LANGUAGE_STANDARD = gnu17;
				GCC_NO_COMMON_BLOCKS = YES;
				GCC_WARN_64_TO_32_BIT_CONVERSION = YES;
				GCC_WARN_ABOUT_RETURN_TYPE = YES_ERROR;
				GCC_WARN_UNDECLARED_SELECTOR = YES;
				GCC_WARN_UNINITIALIZED_AUTOS = YES_AGGRESSIVE;
				GCC_WARN_UNUSED_FUNCTION = YES;
				GCC_WARN_UNUSED_VARIABLE = YES;
				LOCALIZATION_PREFERS_STRING_CATALOGS = YES;
				MACOSX_DEPLOYMENT_TARGET = 14.2;
				MTL_ENABLE_DEBUG_INFO = NO;
				MTL_FAST_MATH = YES;
				SDKROOT = macosx;
				SWIFT_COMPILATION_MODE = wholemodule;
			};
			name = Release;
		};
		0C091B0B2B4981C7005E3F3B /* Debug */ = {
			isa = XCBuildConfiguration;
			buildSettings = {
				CLANG_ENABLE_MODULES = YES;
				CODE_SIGN_STYLE = Automatic;
				PRODUCT_NAME = "$(TARGET_NAME)";
				SWIFT_OBJC_BRIDGING_HEADER = BridgingHeader.h;
				SWIFT_OPTIMIZATION_LEVEL = "-Onone";
				SWIFT_VERSION = 5.0;
			};
			name = Debug;
		};
		0C091B0C2B4981C7005E3F3B /* Release */ = {
			isa = XCBuildConfiguration;
			buildSettings = {
				CLANG_ENABLE_MODULES = YES;
				CODE_SIGN_STYLE = Automatic;
				PRODUCT_NAME = "$(TARGET_NAME)";
				SWIFT_OBJC_BRIDGING_HEADER = BridgingHeader.h;
				SWIFT_VERSION = 5.0;
			};
			name = Release;
		};
/* End XCBuildConfiguration section */

/* Begin XCConfigurationList section */
		0C091AFE2B4981C7005E3F3B /* Build configuration list for PBXProject "Chess-Engine-UCI" */ = {
			isa = XCConfigurationList;
			buildConfigurations = (
				0C091B082B4981C7005E3F3B /* Debug */,
				0C091B092B4981C7005E3F3B /* Release */,
			);
			defaultConfigurationIsVisible = 0;
			defaultConfigurationName = Release;
		};
		0C091B0A2B4981C7005E3F3B /* Build configuration list for PBXNativeTarget "Chess-Engine-UCI" */ = {
			isa = XCConfigurationList;
			buildConfigurations = (
				0C091B0B2B4981C7005E3F3B /* Debug */,
				0C091B0C2B4981C7005E3F3B /* Release */,
			);
			defaultConfigurationIsVisible = 0;
			defaultConfigurationName = Release;
		};
/* End XCConfigurationList section */
	};
	rootObject = 0C091AFB2B4981C7005E3F3B /* Project object */;
}
